{"version":4,"terraform_version":"1.10.7","serial":7,"lineage":"ca35ff6d-7bea-78cf-4cd1-98bd388d0708","outputs":{"instance_1_ip_adress":{"value":"172.28.101.118","type":"string"},"instance_2_ip_adress":{"value":"172.28.101.75","type":"string"}},"resources":[{"mode":"managed","type":"openstack_compute_instance_v2","name":"instance","provider":"provider[\"registry.opentofu.org/terraform-provider-openstack/openstack\"]","instances":[{"index_key":"db1","schema_version":0,"attributes":{"access_ip_v4":"172.28.101.118","access_ip_v6":"","admin_pass":null,"all_metadata":{},"all_tags":[],"availability_zone":"nova","availability_zone_hints":null,"block_device":[],"config_drive":null,"created":"2025-11-23 19:48:33 +0000 UTC","flavor_id":"4ac42f52-53ad-47d0-ac44-9dd9a9f8ea99","flavor_name":"moyenne","floating_ip":null,"force_delete":false,"id":"ca1ddea8-90d8-48f6-bdb3-4ce92bd78191","image_id":"ae29ac11-b592-43f4-bdf7-33794a318be5","image_name":"ubuntu24.04","key_pair":"annick","metadata":null,"name":"db1","network":[{"access_network":false,"fixed_ip_v4":"172.28.101.118","fixed_ip_v6":"","floating_ip":"","mac":"fa:16:3e:74:cc:6d","name":"prive","port":"","uuid":""}],"network_mode":null,"personality":[],"power_state":"active","region":"RegionOne","scheduler_hints":[],"security_groups":["default"],"stop_before_destroy":false,"tags":null,"timeouts":null,"updated":"2025-11-23 19:48:48 +0000 UTC","user_data":null,"vendor_options":[],"volume":[]},"sensitive_attributes":[[{"type":"get_attr","value":"admin_pass"}]],"private":"eyJlMmJmYjczMC1lY2FhLTExZTYtOGY4OC0zNDM2M2JjN2M0YzAiOnsiY3JlYXRlIjoxODAwMDAwMDAwMDAwLCJkZWxldGUiOjE4MDAwMDAwMDAwMDAsInVwZGF0ZSI6MTgwMDAwMDAwMDAwMH19"},{"index_key":"web1","schema_version":0,"attributes":{"access_ip_v4":"172.28.101.75","access_ip_v6":"","admin_pass":null,"all_metadata":{},"all_tags":[],"availability_zone":"nova","availability_zone_hints":null,"block_device":[],"config_drive":null,"created":"2025-11-23 19:48:33 +0000 UTC","flavor_id":"4ac42f52-53ad-47d0-ac44-9dd9a9f8ea99","flavor_name":"moyenne","floating_ip":null,"force_delete":false,"id":"1136680b-b43e-471d-a072-e038f068d115","image_id":"ae29ac11-b592-43f4-bdf7-33794a318be5","image_name":"ubuntu24.04","key_pair":"annick","metadata":null,"name":"web1","network":[{"access_network":false,"fixed_ip_v4":"172.28.101.75","fixed_ip_v6":"","floating_ip":"","mac":"fa:16:3e:c1:f2:f4","name":"prive","port":"","uuid":""}],"network_mode":null,"personality":[],"power_state":"active","region":"RegionOne","scheduler_hints":[],"security_groups":["default"],"stop_before_destroy":false,"tags":null,"timeouts":null,"updated":"2025-11-23 19:48:54 +0000 UTC","user_data":null,"vendor_options":[],"volume":[]},"sensitive_attributes":[[{"type":"get_attr","value":"admin_pass"}]],"private":"eyJlMmJmYjczMC1lY2FhLTExZTYtOGY4OC0zNDM2M2JjN2M0YzAiOnsiY3JlYXRlIjoxODAwMDAwMDAwMDAwLCJkZWxldGUiOjE4MDAwMDAwMDAwMDAsInVwZGF0ZSI6MTgwMDAwMDAwMDAwMH19"}]}],"check_results":null}
