{"version":4,"terraform_version":"1.10.7","serial":2,"lineage":"21600f12-a935-066d-8e70-89916c6cd54f","outputs":{},"resources":[{"mode":"data","type":"openstack_images_image_v2","name":"debian","provider":"provider[\"registry.opentofu.org/terraform-provider-openstack/openstack\"]","instances":[{"schema_version":0,"attributes":{"checksum":"a355acd2af1b5b81ece700923295f070","container_format":"bare","created_at":"2025-09-01T14:29:15Z","disk_format":"qcow2","file":"/v2/images/5be306c3-1beb-44c2-ac78-d3f1a7cbc491/file","hidden":false,"id":"5be306c3-1beb-44c2-ac78-d3f1a7cbc491","member_status":null,"metadata":{},"min_disk_gb":4,"min_ram_mb":512,"most_recent":false,"name":"debian13","name_regex":null,"owner":"732f323eebe7450abe2c00cae9aea5fe","properties":{"hw_disk_bus":"scsi","hw_scsi_model":"virtio-scsi","os_admin_user":"debian","os_distro":"debian","os_type":"linux","os_version":"13"},"protected":false,"region":"RegionOne","schema":"/v2/schemas/image","size_bytes":434307072,"size_max":null,"size_min":null,"sort_direction":"asc","sort_key":"name","tag":null,"tags":[],"updated_at":"2025-09-01T14:29:19Z","visibility":"public"},"sensitive_attributes":[]}]},{"mode":"data","type":"openstack_networking_network_v2","name":"network","provider":"provider[\"registry.opentofu.org/terraform-provider-openstack/openstack\"]","instances":[{"schema_version":0,"attributes":{"admin_state_up":"true","all_tags":[],"availability_zone_hints":[],"description":"","dns_domain":"","external":true,"id":"93f95551-7bc6-49fd-b9a1-0be4b191dcc4","matching_subnet_cidr":null,"mtu":1500,"name":"prive","network_id":null,"region":"RegionOne","segments":[],"shared":"true","status":null,"subnets":["fd340665-5cb2-4d45-a341-8522124df661"],"tags":null,"tenant_id":"3923aea7bc7c41f3960438c9ffcd7343","transparent_vlan":false},"sensitive_attributes":[]}]},{"mode":"managed","type":"openstack_compute_instance_v2","name":"control_panel","provider":"provider[\"registry.opentofu.org/terraform-provider-openstack/openstack\"]","instances":[{"schema_version":0,"attributes":{"access_ip_v4":"172.28.101.46","access_ip_v6":"","admin_pass":null,"all_metadata":{},"all_tags":["cluster","vm_control_panel"],"availability_zone":"nova","availability_zone_hints":null,"block_device":[],"config_drive":null,"created":"2025-12-10 10:22:38 +0000 UTC","flavor_id":"460b3ffb-5f01-4d95-a3d1-7c7ec60f4e56","flavor_name":"puissante","floating_ip":null,"force_delete":false,"id":"02dceb7c-71f3-4394-ba19-ce46835a774e","image_id":"5be306c3-1beb-44c2-ac78-d3f1a7cbc491","image_name":"debian13","key_pair":"annick","metadata":null,"name":"controle-panel","network":[{"access_network":false,"fixed_ip_v4":"172.28.101.46","fixed_ip_v6":"","floating_ip":"","mac":"fa:16:3e:42:38:5d","name":"prive","port":"","uuid":"93f95551-7bc6-49fd-b9a1-0be4b191dcc4"}],"network_mode":null,"personality":[],"power_state":"active","region":"RegionOne","scheduler_hints":[],"security_groups":["default"],"stop_before_destroy":false,"tags":["cluster","vm_control_panel"],"timeouts":null,"updated":"2025-12-10 11:16:35 +0000 UTC","user_data":null,"vendor_options":[],"volume":[]},"sensitive_attributes":[[{"type":"get_attr","value":"admin_pass"}]],"private":"eyJlMmJmYjczMC1lY2FhLTExZTYtOGY4OC0zNDM2M2JjN2M0YzAiOnsiY3JlYXRlIjoxODAwMDAwMDAwMDAwLCJkZWxldGUiOjE4MDAwMDAwMDAwMDAsInVwZGF0ZSI6MTgwMDAwMDAwMDAwMH19","dependencies":["data.openstack_images_image_v2.debian","data.openstack_networking_network_v2.network"]}]},{"mode":"managed","type":"openstack_compute_instance_v2","name":"nodes","provider":"provider[\"registry.opentofu.org/terraform-provider-openstack/openstack\"]","instances":[{"index_key":0,"schema_version":0,"attributes":{"access_ip_v4":"172.28.101.107","access_ip_v6":"","admin_pass":null,"all_metadata":{},"all_tags":["cluster","vm_nodes"],"availability_zone":"nova","availability_zone_hints":null,"block_device":[],"config_drive":null,"created":"2025-12-10 10:22:38 +0000 UTC","flavor_id":"689721ab-4479-4406-b133-ab9db72b7910","flavor_name":"normale","floating_ip":null,"force_delete":false,"id":"e5ab22e7-8c0c-4077-8d79-9daffd9145d1","image_id":"5be306c3-1beb-44c2-ac78-d3f1a7cbc491","image_name":"debian13","key_pair":"annick","metadata":null,"name":"node-0","network":[{"access_network":false,"fixed_ip_v4":"172.28.101.107","fixed_ip_v6":"","floating_ip":"","mac":"fa:16:3e:03:a5:5f","name":"prive","port":"","uuid":"93f95551-7bc6-49fd-b9a1-0be4b191dcc4"}],"network_mode":null,"personality":[],"power_state":"active","region":"RegionOne","scheduler_hints":[],"security_groups":["default"],"stop_before_destroy":false,"tags":["cluster","vm_nodes"],"timeouts":null,"updated":"2025-12-10 10:22:54 +0000 UTC","user_data":null,"vendor_options":[],"volume":[]},"sensitive_attributes":[[{"type":"get_attr","value":"admin_pass"}]],"private":"eyJlMmJmYjczMC1lY2FhLTExZTYtOGY4OC0zNDM2M2JjN2M0YzAiOnsiY3JlYXRlIjoxODAwMDAwMDAwMDAwLCJkZWxldGUiOjE4MDAwMDAwMDAwMDAsInVwZGF0ZSI6MTgwMDAwMDAwMDAwMH19","dependencies":["data.openstack_images_image_v2.debian","data.openstack_networking_network_v2.network"]},{"index_key":1,"schema_version":0,"attributes":{"access_ip_v4":"172.28.100.131","access_ip_v6":"","admin_pass":null,"all_metadata":{},"all_tags":["cluster","vm_nodes"],"availability_zone":"nova","availability_zone_hints":null,"block_device":[],"config_drive":null,"created":"2025-12-10 10:22:38 +0000 UTC","flavor_id":"689721ab-4479-4406-b133-ab9db72b7910","flavor_name":"normale","floating_ip":null,"force_delete":false,"id":"5a278bae-28b1-475a-8697-6b1c02c9d740","image_id":"5be306c3-1beb-44c2-ac78-d3f1a7cbc491","image_name":"debian13","key_pair":"annick","metadata":null,"name":"node-1","network":[{"access_network":false,"fixed_ip_v4":"172.28.100.131","fixed_ip_v6":"","floating_ip":"","mac":"fa:16:3e:11:f5:4d","name":"prive","port":"","uuid":"93f95551-7bc6-49fd-b9a1-0be4b191dcc4"}],"network_mode":null,"personality":[],"power_state":"active","region":"RegionOne","scheduler_hints":[],"security_groups":["default"],"stop_before_destroy":false,"tags":["cluster","vm_nodes"],"timeouts":null,"updated":"2025-12-10 10:22:58 +0000 UTC","user_data":null,"vendor_options":[],"volume":[]},"sensitive_attributes":[[{"type":"get_attr","value":"admin_pass"}]],"private":"eyJlMmJmYjczMC1lY2FhLTExZTYtOGY4OC0zNDM2M2JjN2M0YzAiOnsiY3JlYXRlIjoxODAwMDAwMDAwMDAwLCJkZWxldGUiOjE4MDAwMDAwMDAwMDAsInVwZGF0ZSI6MTgwMDAwMDAwMDAwMH19","dependencies":["data.openstack_images_image_v2.debian","data.openstack_networking_network_v2.network"]}]}],"check_results":null}
